{
    "_readme": [
        "This file locks the dependencies of your project to a known state",
        "Read more about it at https://getcomposer.org/doc/01-basic-usage.md#composer-lock-the-lock-file",
        "This file is @generated automatically"
    ],
    "hash": "e95cc223991908777571a88f7f1ea1e8",
    "content-hash": "bc4cb8d84151ca8563adf2a4db4701bb",
    "packages": [
        {
            "name": "bandwidth-throttle/token-bucket",
            "version": "0.4",
            "source": {
                "type": "git",
                "url": "https://github.com/bandwidth-throttle/token-bucket.git",
                "reference": "2a4526fcfef4a713467ff268154689a75f20b94a"
            },
            "dist": {
                "type": "zip",
                "url": "https://api.github.com/repos/bandwidth-throttle/token-bucket/zipball/2a4526fcfef4a713467ff268154689a75f20b94a",
                "reference": "2a4526fcfef4a713467ff268154689a75f20b94a",
                "shasum": ""
            },
            "require": {
                "malkusch/lock": "^0.4",
                "php": ">=5.5"
            },
            "require-dev": {
                "ext-redis": "^2.2.4",
                "mikey179/vfsstream": "^1.5.0",
                "php-mock/php-mock-phpunit": "^0.3",
                "phpunit/phpunit": "^4",
                "predis/predis": "^1"
            },
            "type": "library",
            "autoload": {
                "psr-4": {
                    "bandwidthThrottle\\tokenBucket\\": "classes/"
                }
            },
            "notification-url": "https://packagist.org/downloads/",
            "license": [
                "WTFPL"
            ],
            "authors": [
                {
                    "name": "Markus Malkusch",
                    "email": "markus@malkusch.de",
                    "homepage": "http://markus.malkusch.de",
                    "role": "Developer"
                }
            ],
            "description": "Implementation of the Token Bucket algorithm.",
            "homepage": "https://github.com/bandwidth-throttle/token-bucket",
            "keywords": [
                "Rate",
                "bandwidth",
                "limit",
                "token bucket"
            ],
            "time": "2015-08-11 21:15:41"
        },
        {
            "name": "klein/klein",
            "version": "v2.1.0",
            "source": {
                "type": "git",
                "url": "https://github.com/klein/klein.php.git",
                "reference": "5dc073f05adb67ee09680545b4cc7b0590d2559e"
            },
            "dist": {
                "type": "zip",
                "url": "https://api.github.com/repos/klein/klein.php/zipball/5dc073f05adb67ee09680545b4cc7b0590d2559e",
                "reference": "5dc073f05adb67ee09680545b4cc7b0590d2559e",
                "shasum": ""
            },
            "require": {
                "php": ">=5.3.0"
            },
            "require-dev": {
                "phpunit/php-code-coverage": "1.2.x",
                "phpunit/phpunit": "3.7.x",
                "squizlabs/php_codesniffer": "1.4.8"
            },
            "type": "library",
            "autoload": {
                "psr-4": {
                    "Klein\\": "src/Klein/"
                }
            },
            "notification-url": "https://packagist.org/downloads/",
            "license": [
                "MIT"
            ],
            "authors": [
                {
                    "name": "Chris O'Hara",
                    "email": "cohara87@gmail.com",
                    "homepage": "http://chris6f.com/",
                    "role": "Creator/Developer"
                },
                {
                    "name": "Trevor Suarez",
                    "email": "rican7@gmail.com",
                    "homepage": "http://about.me/tnsuarez",
                    "role": "Contributor/Developer"
                }
            ],
            "description": "A lightning fast router for PHP",
            "homepage": "https://github.com/chriso/klein.php",
            "keywords": [
                "boilerplate",
                "router",
                "routing",
                "sinatra"
            ],
            "time": "2014-11-07 07:35:23"
        },
        {
            "name": "malkusch/lock",
            "version": "0.4",
            "source": {
                "type": "git",
                "url": "https://github.com/malkusch/lock.git",
                "reference": "d34daa7ef656cad56ce8c2f1e53c6c5fd2b8b771"
            },
            "dist": {
                "type": "zip",
                "url": "https://api.github.com/repos/malkusch/lock/zipball/d34daa7ef656cad56ce8c2f1e53c6c5fd2b8b771",
                "reference": "d34daa7ef656cad56ce8c2f1e53c6c5fd2b8b771",
                "shasum": ""
            },
            "require": {
                "php": ">=5.5",
                "psr/log": "^1"
            },
            "require-dev": {
                "ext-redis": "^2.2.4",
                "kriswallsmith/spork": "0.3.*",
                "mikey179/vfsstream": "^1.5.0",
                "php-mock/php-mock-phpunit": "^0.3",
                "phpunit/phpunit": "^4",
                "predis/predis": "~1.0",
                "zetacomponents/system-information": "~1.1"
            },
            "type": "library",
            "autoload": {
                "psr-4": {
                    "malkusch\\lock\\": "classes/"
                }
            },
            "notification-url": "https://packagist.org/downloads/",
            "license": [
                "WTFPL"
            ],
            "authors": [
                {
                    "name": "Markus Malkusch",
                    "email": "markus@malkusch.de",
                    "homepage": "http://markus.malkusch.de",
                    "role": "Developer"
                }
            ],
            "description": "Mutex library for exclusive code execution.",
            "homepage": "https://github.com/malkusch/lock",
            "keywords": [
                "cas",
                "flock",
                "lock",
                "memcache",
                "mutex",
                "redis",
                "redlock",
                "semaphore"
            ],
            "time": "2015-08-11 18:56:02"
        },
        {
            "name": "nategood/httpful",
            "version": "0.2.0",
            "source": {
                "type": "git",
                "url": "https://github.com/nategood/httpful.git",
                "reference": "491a875cdc38be217dd4bfea9ab5859b7268a97c"
            },
            "dist": {
                "type": "zip",
                "url": "https://api.github.com/repos/nategood/httpful/zipball/491a875cdc38be217dd4bfea9ab5859b7268a97c",
                "reference": "491a875cdc38be217dd4bfea9ab5859b7268a97c",
                "shasum": ""
            },
            "require": {
                "ext-curl": "*",
                "php": ">=5.3"
            },
            "type": "library",
            "autoload": {
                "psr-0": {
                    "Httpful": "src/"
                }
            },
            "notification-url": "https://packagist.org/downloads/",
            "license": [
                "MIT"
            ],
            "authors": [
                {
                    "name": "Nate Good",
                    "email": "me@nategood.com",
                    "homepage": "http://nategood.com"
                }
            ],
            "description": "A Readable, Chainable, REST friendly, PHP HTTP Client",
            "homepage": "http://github.com/nategood/httpful",
            "keywords": [
                "api",
                "curl",
                "http",
                "requests",
                "rest",
                "restful"
            ],
            "time": "2013-01-25 01:11:47"
        },
        {
            "name": "psr/log",
            "version": "1.0.0",
            "source": {
                "type": "git",
                "url": "https://github.com/php-fig/log.git",
                "reference": "fe0936ee26643249e916849d48e3a51d5f5e278b"
            },
            "dist": {
                "type": "zip",
                "url": "https://api.github.com/repos/php-fig/log/zipball/fe0936ee26643249e916849d48e3a51d5f5e278b",
                "reference": "fe0936ee26643249e916849d48e3a51d5f5e278b",
                "shasum": ""
            },
            "type": "library",
            "autoload": {
                "psr-0": {
                    "Psr\\Log\\": ""
                }
            },
            "notification-url": "https://packagist.org/downloads/",
            "license": [
                "MIT"
            ],
            "authors": [
                {
                    "name": "PHP-FIG",
                    "homepage": "http://www.php-fig.org/"
                }
            ],
            "description": "Common interface for logging libraries",
            "keywords": [
                "log",
                "psr",
                "psr-3"
            ],
            "time": "2012-12-21 11:40:51"
        }
    ],
    "packages-dev": [],
    "aliases": [],
    "minimum-stability": "stable",
    "stability-flags": [],
    "prefer-stable": false,
    "prefer-lowest": false,
    "platform": {
        "php": ">=5.5.0"
    },
    "platform-dev": []
}
